
Microsoft Visual Studio Solution File, Format Version 12.00
# Visual Studio Version 17
VisualStudioVersion = 17.3.32901.215
MinimumVisualStudioVersion = 10.0.40219.1
Project("{FAE04EC0-301F-11D3-BF4B-00C04F79EFBC}") = "SqlCommands", "SqlCommands\SqlCommands.csproj", "{C31C53B2-B06E-464E-997D-0604AD4E86EE}"
EndProject
Global
	GlobalSection(SolutionConfigurationPlatforms) = preSolution
		Debug|Any CPU = Debug|Any CPU
		Release|Any CPU = Release|Any CPU
	EndGlobalSection
	GlobalSection(ProjectConfigurationPlatforms) = postSolution
		{C31C53B2-B06E-464E-997D-0604AD4E86EE}.Debug|Any CPU.ActiveCfg = Debug|Any CPU
		{C31C53B2-B06E-464E-997D-0604AD4E86EE}.Debug|Any CPU.Build.0 = Debug|Any CPU
		{C31C53B2-B06E-464E-997D-0604AD4E86EE}.Release|Any CPU.ActiveCfg = Release|Any CPU
		{C31C53B2-B06E-464E-997D-0604AD4E86EE}.Release|Any CPU.Build.0 = Release|Any CPU
	EndGlobalSection
	GlobalSection(SolutionProperties) = preSolution
		HideSolutionNode = FALSE
	EndGlobalSection
	GlobalSection(ExtensibilityGlobals) = postSolution
		SolutionGuid = {54A4A7BA-E45C-427C-8757-616C56F85F26}
	EndGlobalSection
EndGlobal
