
Microsoft Visual Studio Solution File, Format Version 12.00
# Visual Studio Version 17
VisualStudioVersion = 17.3.32901.215
MinimumVisualStudioVersion = 10.0.40219.1
Project("{FAE04EC0-301F-11D3-BF4B-00C04F79EFBC}") = "Personel Listesi", "Personel Listesi\Personel Listesi.csproj", "{E1590BC9-1E4F-4AD1-BC5D-A846047BD25D}"
EndProject
Global
	GlobalSection(SolutionConfigurationPlatforms) = preSolution
		Debug|Any CPU = Debug|Any CPU
		Release|Any CPU = Release|Any CPU
	EndGlobalSection
	GlobalSection(ProjectConfigurationPlatforms) = postSolution
		{E1590BC9-1E4F-4AD1-BC5D-A846047BD25D}.Debug|Any CPU.ActiveCfg = Debug|Any CPU
		{E1590BC9-1E4F-4AD1-BC5D-A846047BD25D}.Debug|Any CPU.Build.0 = Debug|Any CPU
		{E1590BC9-1E4F-4AD1-BC5D-A846047BD25D}.Release|Any CPU.ActiveCfg = Release|Any CPU
		{E1590BC9-1E4F-4AD1-BC5D-A846047BD25D}.Release|Any CPU.Build.0 = Release|Any CPU
	EndGlobalSection
	GlobalSection(SolutionProperties) = preSolution
		HideSolutionNode = FALSE
	EndGlobalSection
	GlobalSection(ExtensibilityGlobals) = postSolution
		SolutionGuid = {7A21983E-3185-464C-843A-5EE850A272CB}
	EndGlobalSection
EndGlobal
